{
  "requires": true,
  "lockfileVersion": 1,
  "dependencies": {
    "dateformat": {
      "version": "4.3.1",
      "resolved": "https://registry.npmjs.org/dateformat/-/dateformat-4.3.1.tgz",
      "integrity": "sha512-xhq1wI5BQ0TMJDvio0BLP8lNeYlhAvmh/7H52H9n6kfzqSmRpIhH5KEIjJ7onFEAh5CQVrAP2MAG8wZ6j0BKzQ=="
    }
  }
}
